// !$*UTF8*$!
{
	archiveVersion = 1;
	classes = {
	};
	objectVersion = 46;
	objects = {

/* Begin PBXBuildFile section */
		8D64B6381EF9262B001B2B2F /* AppDelegate.swift in Sources */ = {isa = PBXBuildFile; fileRef = 8D64B6371EF9262B001B2B2F /* AppDelegate.swift */; };
		8D64B63A1EF9262B001B2B2F /* ViewController.swift in Sources */ = {isa = PBXBuildFile; fileRef = 8D64B6391EF9262B001B2B2F /* ViewController.swift */; };
		8D64B63D1EF9262B001B2B2F /* Main.storyboard in Resources */ = {isa = PBXBuildFile; fileRef = 8D64B63B1EF9262B001B2B2F /* Main.storyboard */; };
		8D64B6401EF9262B001B2B2F /* GoogleMap.xcdatamodeld in Sources */ = {isa = PBXBuildFile; fileRef = 8D64B63E1EF9262B001B2B2F /* GoogleMap.xcdatamodeld */; };
		8D64B6421EF9262B001B2B2F /* Assets.xcassets in Resources */ = {isa = PBXBuildFile; fileRef = 8D64B6411EF9262B001B2B2F /* Assets.xcassets */; };
		8D64B6451EF9262B001B2B2F /* LaunchScreen.storyboard in Resources */ = {isa = PBXBuildFile; fileRef = 8D64B6431EF9262B001B2B2F /* LaunchScreen.storyboard */; };
/* End PBXBuildFile section */

/* Begin PBXFileReference section */
		8D64B6341EF9262B001B2B2F /* GoogleMap.app */ = {isa = PBXFileReference; explicitFileType = wrapper.application; includeInIndex = 0; path = GoogleMap.app; sourceTree = BUILT_PRODUCTS_DIR; };
		8D64B6371EF9262B001B2B2F /* AppDelegate.swift */ = {isa = PBXFileReference; lastKnownFileType = sourcecode.swift; path = AppDelegate.swift; sourceTree = "<group>"; };
		8D64B6391EF9262B001B2B2F /* ViewController.swift */ = {isa = PBXFileReference; lastKnownFileType = sourcecode.swift; path = ViewController.swift; sourceTree = "<group>"; };
		8D64B63C1EF9262B001B2B2F /* Base */ = {isa = PBXFileReference; lastKnownFileType = file.storyboard; name = Base; path = Base.lproj/Main.storyboard; sourceTree = "<group>"; };
		8D64B63F1EF9262B001B2B2F /* GoogleMap.xcdatamodel */ = {isa = PBXFileReference; lastKnownFileType = wrapper.xcdatamodel; path = GoogleMap.xcdatamodel; sourceTree = "<group>"; };
		8D64B6411EF9262B001B2B2F /* Assets.xcassets */ = {isa = PBXFileReference; lastKnownFileType = folder.assetcatalog; path = Assets.xcassets; sourceTree = "<group>"; };
		8D64B6441EF9262B001B2B2F /* Base */ = {isa = PBXFileReference; lastKnownFileType = file.storyboard; name = Base; path = Base.lproj/LaunchScreen.storyboard; sourceTree = "<group>"; };
		8D64B6461EF9262B001B2B2F /* Info.plist */ = {isa = PBXFileReference; lastKnownFileType = text.plist.xml; path = Info.plist; sourceTree = "<group>"; };
/* End PBXFileReference section */

/* Begin PBXFrameworksBuildPhase section */
		8D64B6311EF9262B001B2B2F /* Frameworks */ = {
			isa = PBXFrameworksBuildPhase;
			buildActionMask = 2147483647;
			files = (
			);
			runOnlyForDeploymentPostprocessing = 0;
		};
/* End PBXFrameworksBuildPhase section */

/* Begin PBXGroup section */
		8D64B62B1EF9262B001B2B2F = {
			isa = PBXGroup;
			children = (
				8D64B6361EF9262B001B2B2F /* GoogleMap */,
				8D64B6351EF9262B001B2B2F /* Products */,
			);
			sourceTree = "<group>";
		};
		8D64B6351EF9262B001B2B2F /* Products */ = {
			isa = PBXGroup;
			children = (
				8D64B6341EF9262B001B2B2F /* GoogleMap.app */,
			);
			name = Products;
			sourceTree = "<group>";
		};
		8D64B6361EF9262B001B2B2F /* GoogleMap */ = {
			isa = PBXGroup;
			children = (
				8D64B6371EF9262B001B2B2F /* AppDelegate.swift */,
				8D64B6391EF9262B001B2B2F /* ViewController.swift */,
				8D64B63B1EF9262B001B2B2F /* Main.storyboard */,
				8D64B6411EF9262B001B2B2F /* Assets.xcassets */,
				8D64B6431EF9262B001B2B2F /* LaunchScreen.storyboard */,
				8D64B6461EF9262B001B2B2F /* Info.plist */,
				8D64B63E1EF9262B001B2B2F /* GoogleMap.xcdatamodeld */,
			);
			path = GoogleMap;
			sourceTree = "<group>";
		};
/* End PBXGroup section */

/* Begin PBXNativeTarget section */
		8D64B6331EF9262B001B2B2F /* GoogleMap */ = {
			isa = PBXNativeTarget;
			buildConfigurationList = 8D64B6491EF9262B001B2B2F /* Build configuration list for PBXNativeTarget "GoogleMap" */;
			buildPhases = (
				8D64B6301EF9262B001B2B2F /* Sources */,
				8D64B6311EF9262B001B2B2F /* Frameworks */,
				8D64B6321EF9262B001B2B2F /* Resources */,
			);
			buildRules = (
			);
			dependencies = (
			);
			name = GoogleMap;
			productName = GoogleMap;
			productReference = 8D64B6341EF9262B001B2B2F /* GoogleMap.app */;
			productType = "com.apple.product-type.application";
		};
/* End PBXNativeTarget section */

/* Begin PBXProject section */
		8D64B62C1EF9262B001B2B2F /* Project object */ = {
			isa = PBXProject;
			attributes = {
				LastSwiftUpdateCheck = 0830;
				LastUpgradeCheck = 0830;
				ORGANIZATIONNAME = "Lo 4J";
				TargetAttributes = {
					8D64B6331EF9262B001B2B2F = {
						CreatedOnToolsVersion = 8.3.2;
						ProvisioningStyle = Automatic;
					};
				};
			};
			buildConfigurationList = 8D64B62F1EF9262B001B2B2F /* Build configuration list for PBXProject "GoogleMap" */;
			compatibilityVersion = "Xcode 3.2";
			developmentRegion = English;
			hasScannedForEncodings = 0;
			knownRegions = (
				en,
				Base,
			);
			mainGroup = 8D64B62B1EF9262B001B2B2F;
			productRefGroup = 8D64B6351EF9262B001B2B2F /* Products */;
			projectDirPath = "";
			projectRoot = "";
			targets = (
				8D64B6331EF9262B001B2B2F /* GoogleMap */,
			);
		};
/* End PBXProject section */

/* Begin PBXResourcesBuildPhase section */
		8D64B6321EF9262B001B2B2F /* Resources */ = {
			isa = PBXResourcesBuildPhase;
			buildActionMask = 2147483647;
			files = (
				8D64B6451EF9262B001B2B2F /* LaunchScreen.storyboard in Resources */,
				8D64B6421EF9262B001B2B2F /* Assets.xcassets in Resources */,
				8D64B63D1EF9262B001B2B2F /* Main.storyboard in Resources */,
			);
			runOnlyForDeploymentPostprocessing = 0;
		};
/* End PBXResourcesBuildPhase section */

/* Begin PBXSourcesBuildPhase section */
		8D64B6301EF9262B001B2B2F /* Sources */ = {
			isa = PBXSourcesBuildPhase;
			buildActionMask = 2147483647;
			files = (
				8D64B6401EF9262B001B2B2F /* GoogleMap.xcdatamodeld in Sources */,
				8D64B63A1EF9262B001B2B2F /* ViewController.swift in Sources */,
				8D64B6381EF9262B001B2B2F /* AppDelegate.swift in Sources */,
			);
			runOnlyForDeploymentPostprocessing = 0;
		};
/* End PBXSourcesBuildPhase section */

/* Begin PBXVariantGroup section */
		8D64B63B1EF9262B001B2B2F /* Main.storyboard */ = {
			isa = PBXVariantGroup;
			children = (
				8D64B63C1EF9262B001B2B2F /* Base */,
			);
			name = Main.storyboard;
			sourceTree = "<group>";
		};
		8D64B6431EF9262B001B2B2F /* LaunchScreen.storyboard */ = {
			isa = PBXVariantGroup;
			children = (
				8D64B6441EF9262B001B2B2F /* Base */,
			);
			name = LaunchScreen.storyboard;
			sourceTree = "<group>";
		};
/* End PBXVariantGroup section */

/* Begin XCBuildConfiguration section */
		8D64B6471EF9262B001B2B2F /* Debug */ = {
			isa = XCBuildConfiguration;
			buildSettings = {
				ALWAYS_SEARCH_USER_PATHS = NO;
				CLANG_ANALYZER_NONNULL = YES;
				CLANG_ANALYZER_NUMBER_OBJECT_CONVERSION = YES_AGGRESSIVE;
				CLANG_CXX_LANGUAGE_STANDARD = "gnu++0x";
				CLANG_CXX_LIBRARY = "libc++";
				CLANG_ENABLE_MODULES = YES;
				CLANG_ENABLE_OBJC_ARC = YES;
				CLANG_WARN_BOOL_CONVERSION = YES;
				CLANG_WARN_CONSTANT_CONVERSION = YES;
				CLANG_WARN_DIRECT_OBJC_ISA_USAGE = YES_ERROR;
				CLANG_WARN_DOCUMENTATION_COMMENTS = YES;
				CLANG_WARN_EMPTY_BODY = YES;
				CLANG_WARN_ENUM_CONVERSION = YES;
				CLANG_WARN_INFINITE_RECURSION = YES;
				CLANG_WARN_INT_CONVERSION = YES;
				CLANG_WARN_OBJC_ROOT_CLASS = YES_ERROR;
				CLANG_WARN_SUSPICIOUS_MOVE = YES;
				CLANG_WARN_UNREACHABLE_CODE = YES;
				CLANG_WARN__DUPLICATE_METHOD_MATCH = YES;
				"CODE_SIGN_IDENTITY[sdk=iphoneos*]" = "iPhone Developer";
				COPY_PHASE_STRIP = NO;
				DEBUG_INFORMATION_FORMAT = dwarf;
				ENABLE_STRICT_OBJC_MSGSEND = YES;
				ENABLE_TESTABILITY = YES;
				GCC_C_LANGUAGE_STANDARD = gnu99;
				GCC_DYNAMIC_NO_PIC = NO;
				GCC_NO_COMMON_BLOCKS = YES;
				GCC_OPTIMIZATION_LEVEL = 0;
				GCC_PREPROCESSOR_DEFINITIONS = (
					"DEBUG=1",
					"$(inherited)",
				);
				GCC_WARN_64_TO_32_BIT_CONVERSION = YES;
				GCC_WARN_ABOUT_RETURN_TYPE = YES_ERROR;
				GCC_WARN_UNDECLARED_SELECTOR = YES;
				GCC_WARN_UNINITIALIZED_AUTOS = YES_AGGRESSIVE;
				GCC_WARN_UNUSED_FUNCTION = YES;
				GCC_WARN_UNUSED_VARIABLE = YES;
				IPHONEOS_DEPLOYMENT_TARGET = 10.3;
				MTL_ENABLE_DEBUG_INFO = YES;
				ONLY_ACTIVE_ARCH = YES;
				SDKROOT = iphoneos;
				SWIFT_ACTIVE_COMPILATION_CONDITIONS = DEBUG;
				SWIFT_OPTIMIZATION_LEVEL = "-Onone";
			};
			name = Debug;
		};
		8D64B6481EF9262B001B2B2F /* Release */ = {
			isa = XCBuildConfiguration;
			buildSettings = {
				ALWAYS_SEARCH_USER_PATHS = NO;
				CLANG_ANALYZER_NONNULL = YES;
				CLANG_ANALYZER_NUMBER_OBJECT_CONVERSION = YES_AGGRESSIVE;
				CLANG_CXX_LANGUAGE_STANDARD = "gnu++0x";
				CLANG_CXX_LIBRARY = "libc++";
				CLANG_ENABLE_MODULES = YES;
				CLANG_ENABLE_OBJC_ARC = YES;
				CLANG_WARN_BOOL_CONVERSION = YES;
				CLANG_WARN_CONSTANT_CONVERSION = YES;
				CLANG_WARN_DIRECT_OBJC_ISA_USAGE = YES_ERROR;
				CLANG_WARN_DOCUMENTATION_COMMENTS = YES;
				CLANG_WARN_EMPTY_BODY = YES;
				CLANG_WARN_ENUM_CONVERSION = YES;
				CLANG_WARN_INFINITE_RECURSION = YES;
				CLANG_WARN_INT_CONVERSION = YES;
				CLANG_WARN_OBJC_ROOT_CLASS = YES_ERROR;
				CLANG_WARN_SUSPICIOUS_MOVE = YES;
				CLANG_WARN_UNREACHABLE_CODE = YES;
				CLANG_WARN__DUPLICATE_METHOD_MATCH = YES;
				"CODE_SIGN_IDENTITY[sdk=iphoneos*]" = "iPhone Developer";
				COPY_PHASE_STRIP = NO;
				DEBUG_INFORMATION_FORMAT = "dwarf-with-dsym";
				ENABLE_NS_ASSERTIONS = NO;
				ENABLE_STRICT_OBJC_MSGSEND = YES;
				GCC_C_LANGUAGE_STANDARD = gnu99;
				GCC_NO_COMMON_BLOCKS = YES;
				GCC_WARN_64_TO_32_BIT_CONVERSION = YES;
				GCC_WARN_ABOUT_RETURN_TYPE = YES_ERROR;
				GCC_WARN_UNDECLARED_SELECTOR = YES;
				GCC_WARN_UNINITIALIZED_AUTOS = YES_AGGRESSIVE;
				GCC_WARN_UNUSED_FUNCTION = YES;
				GCC_WARN_UNUSED_VARIABLE = YES;
				IPHONEOS_DEPLOYMENT_TARGET = 10.3;
				MTL_ENABLE_DEBUG_INFO = NO;
				SDKROOT = iphoneos;
				SWIFT_OPTIMIZATION_LEVEL = "-Owholemodule";
				VALIDATE_PRODUCT = YES;
			};
			name = Release;
		};
		8D64B64A1EF9262B001B2B2F /* Debug */ = {
			isa = XCBuildConfiguration;
			buildSettings = {
				ASSETCATALOG_COMPILER_APPICON_NAME = AppIcon;
				INFOPLIST_FILE = GoogleMap/Info.plist;
				LD_RUNPATH_SEARCH_PATHS = "$(inherited) @executable_path/Frameworks";
				PRODUCT_BUNDLE_IDENTIFIER = Roger.GoogleMap;
				PRODUCT_NAME = "$(TARGET_NAME)";
				SWIFT_VERSION = 3.0;
			};
			name = Debug;
		};
		8D64B64B1EF9262B001B2B2F /* Release */ = {
			isa = XCBuildConfiguration;
			buildSettings = {
				ASSETCATALOG_COMPILER_APPICON_NAME = AppIcon;
				INFOPLIST_FILE = GoogleMap/Info.plist;
				LD_RUNPATH_SEARCH_PATHS = "$(inherited) @executable_path/Frameworks";
				PRODUCT_BUNDLE_IDENTIFIER = Roger.GoogleMap;
				PRODUCT_NAME = "$(TARGET_NAME)";
				SWIFT_VERSION = 3.0;
			};
			name = Release;
		};
/* End XCBuildConfiguration section */

/* Begin XCConfigurationList section */
		8D64B62F1EF9262B001B2B2F /* Build configuration list for PBXProject "GoogleMap" */ = {
			isa = XCConfigurationList;
			buildConfigurations = (
				8D64B6471EF9262B001B2B2F /* Debug */,
				8D64B6481EF9262B001B2B2F /* Release */,
			);
			defaultConfigurationIsVisible = 0;
			defaultConfigurationName = Release;
		};
		8D64B6491EF9262B001B2B2F /* Build configuration list for PBXNativeTarget "GoogleMap" */ = {
			isa = XCConfigurationList;
			buildConfigurations = (
				8D64B64A1EF9262B001B2B2F /* Debug */,
				8D64B64B1EF9262B001B2B2F /* Release */,
			);
			defaultConfigurationIsVisible = 0;
		};
/* End XCConfigurationList section */

/* Begin XCVersionGroup section */
		8D64B63E1EF9262B001B2B2F /* GoogleMap.xcdatamodeld */ = {
			isa = XCVersionGroup;
			children = (
				8D64B63F1EF9262B001B2B2F /* GoogleMap.xcdatamodel */,
			);
			currentVersion = 8D64B63F1EF9262B001B2B2F /* GoogleMap.xcdatamodel */;
			path = GoogleMap.xcdatamodeld;
			sourceTree = "<group>";
			versionGroupType = wrapper.xcdatamodel;
		};
/* End XCVersionGroup section */
	};
	rootObject = 8D64B62C1EF9262B001B2B2F /* Project object */;
}
